
Microsoft Visual Studio Solution File, Format Version 12.00
# Visual Studio Version 16
VisualStudioVersion = 16.0.30517.126
MinimumVisualStudioVersion = 15.0.26124.0
Project("{2150E333-8FDC-42A3-9474-1A3956D46DE8}") = "src", "src", "{34E7DD0C-E933-4BE2-9E50-DB5F67A261F0}"
EndProject
Project("{2150E333-8FDC-42A3-9474-1A3956D46DE8}") = "test", "test", "{B1E09ADE-E0BE-4935-9255-95CB8BE820CA}"
EndProject
Project("{9A19103F-16F7-4668-BE54-9A1E7A4F7556}") = "Framework.Domain", "src\Framework.Domain\Framework.Domain.csproj", "{503A189E-89FD-4B7F-949E-652B1222B26B}"
EndProject
Project("{9A19103F-16F7-4668-BE54-9A1E7A4F7556}") = "Framework.Domain.Tests", "tests\Framework.Domain.Tests\Framework.Domain.Tests.csproj", "{1E31F6F4-6689-427B-9CDC-A9CFAA3FC1CB}"
EndProject
Project("{9A19103F-16F7-4668-BE54-9A1E7A4F7556}") = "Framework.Application", "src\Framework.Application\Framework.Application.csproj", "{B4646D76-18BE-4FC2-B42F-EC8F14966737}"
EndProject
Project("{2150E333-8FDC-42A3-9474-1A3956D46DE8}") = "auction", "auction", "{F332205C-89D9-4C5C-A560-DBF36ACC533F}"
EndProject
Project("{2150E333-8FDC-42A3-9474-1A3956D46DE8}") = "framework", "framework", "{BB164C5A-AFDE-4BA8-9A9C-847C9396313B}"
EndProject
Project("{2150E333-8FDC-42A3-9474-1A3956D46DE8}") = "Domain", "Domain", "{6A6C6464-E5DB-4CB3-88A3-B442C76A492C}"
EndProject
Project("{9A19103F-16F7-4668-BE54-9A1E7A4F7556}") = "AuctionManagement.Domain", "sample\AuctionManagement.Domain\AuctionManagement.Domain.csproj", "{536C0CB1-C7E5-4215-A376-6CC6182D3451}"
EndProject
Project("{9A19103F-16F7-4668-BE54-9A1E7A4F7556}") = "AuctionManagement.Application", "sample\AuctionManagement.Application\AuctionManagement.Application.csproj", "{9F3F94F3-3C05-4258-A7B2-ABB8E52DC90E}"
EndProject
Project("{2150E333-8FDC-42A3-9474-1A3956D46DE8}") = "Application", "Application", "{539AD780-E879-4AD8-BDAB-641F243FF9E9}"
EndProject
Project("{9A19103F-16F7-4668-BE54-9A1E7A4F7556}") = "AuctionManagement.Application.Contract", "sample\AuctionManagement.Application.Contract\AuctionManagement.Application.Contract.csproj", "{02F05F7F-50C0-4FFE-BC01-313737C10441}"
EndProject
Project("{2150E333-8FDC-42A3-9474-1A3956D46DE8}") = "Gateways", "Gateways", "{D763CF99-67E9-416E-A744-179CA3DD9CFD}"
EndProject
Project("{9A19103F-16F7-4668-BE54-9A1E7A4F7556}") = "ServiceHost", "sample\ServiceHost\ServiceHost.csproj", "{74EECC42-AC34-4D82-B3D2-302F403CA55D}"
EndProject
Project("{9A19103F-16F7-4668-BE54-9A1E7A4F7556}") = "AuctionManagement.Gateways.RestApi", "sample\AuctionManagement.Gateways.RestApi\AuctionManagement.Gateways.RestApi.csproj", "{2FF91DFB-FD6D-4FD2-905A-6EF1035D5DC5}"
EndProject
Project("{2150E333-8FDC-42A3-9474-1A3956D46DE8}") = "Infrastructure", "Infrastructure", "{84BB4289-032C-4349-A1F5-525AC0069C72}"
EndProject
Project("{9A19103F-16F7-4668-BE54-9A1E7A4F7556}") = "AuctionManagement.Persistence.ES", "sample\AuctionManagement.Persistence.Es\AuctionManagement.Persistence.ES\AuctionManagement.Persistence.ES.csproj", "{8A8FF441-8B4E-4709-9A65-B2E8C708E75F}"
EndProject
Project("{9A19103F-16F7-4668-BE54-9A1E7A4F7556}") = "AuctionManagement.Config", "sample\AuctionManagement.Config\AuctionManagement.Config.csproj", "{30B6E274-5CA9-4F7B-9E87-3FC2E30EAEBA}"
EndProject
Project("{9A19103F-16F7-4668-BE54-9A1E7A4F7556}") = "Framework.Persistence.ES", "src\Framework.Persistence.ES\Framework.Persistence.ES.csproj", "{4765A758-4B25-4D59-924D-71680E834A9F}"
EndProject
Global
	GlobalSection(SolutionConfigurationPlatforms) = preSolution
		Debug|Any CPU = Debug|Any CPU
		Debug|x64 = Debug|x64
		Debug|x86 = Debug|x86
		Release|Any CPU = Release|Any CPU
		Release|x64 = Release|x64
		Release|x86 = Release|x86
	EndGlobalSection
	GlobalSection(ProjectConfigurationPlatforms) = postSolution
		{503A189E-89FD-4B7F-949E-652B1222B26B}.Debug|Any CPU.ActiveCfg = Debug|Any CPU
		{503A189E-89FD-4B7F-949E-652B1222B26B}.Debug|Any CPU.Build.0 = Debug|Any CPU
		{503A189E-89FD-4B7F-949E-652B1222B26B}.Debug|x64.ActiveCfg = Debug|Any CPU
		{503A189E-89FD-4B7F-949E-652B1222B26B}.Debug|x64.Build.0 = Debug|Any CPU
		{503A189E-89FD-4B7F-949E-652B1222B26B}.Debug|x86.ActiveCfg = Debug|Any CPU
		{503A189E-89FD-4B7F-949E-652B1222B26B}.Debug|x86.Build.0 = Debug|Any CPU
		{503A189E-89FD-4B7F-949E-652B1222B26B}.Release|Any CPU.ActiveCfg = Release|Any CPU
		{503A189E-89FD-4B7F-949E-652B1222B26B}.Release|Any CPU.Build.0 = Release|Any CPU
		{503A189E-89FD-4B7F-949E-652B1222B26B}.Release|x64.ActiveCfg = Release|Any CPU
		{503A189E-89FD-4B7F-949E-652B1222B26B}.Release|x64.Build.0 = Release|Any CPU
		{503A189E-89FD-4B7F-949E-652B1222B26B}.Release|x86.ActiveCfg = Release|Any CPU
		{503A189E-89FD-4B7F-949E-652B1222B26B}.Release|x86.Build.0 = Release|Any CPU
		{1E31F6F4-6689-427B-9CDC-A9CFAA3FC1CB}.Debug|Any CPU.ActiveCfg = Debug|Any CPU
		{1E31F6F4-6689-427B-9CDC-A9CFAA3FC1CB}.Debug|Any CPU.Build.0 = Debug|Any CPU
		{1E31F6F4-6689-427B-9CDC-A9CFAA3FC1CB}.Debug|x64.ActiveCfg = Debug|Any CPU
		{1E31F6F4-6689-427B-9CDC-A9CFAA3FC1CB}.Debug|x64.Build.0 = Debug|Any CPU
		{1E31F6F4-6689-427B-9CDC-A9CFAA3FC1CB}.Debug|x86.ActiveCfg = Debug|Any CPU
		{1E31F6F4-6689-427B-9CDC-A9CFAA3FC1CB}.Debug|x86.Build.0 = Debug|Any CPU
		{1E31F6F4-6689-427B-9CDC-A9CFAA3FC1CB}.Release|Any CPU.ActiveCfg = Release|Any CPU
		{1E31F6F4-6689-427B-9CDC-A9CFAA3FC1CB}.Release|Any CPU.Build.0 = Release|Any CPU
		{1E31F6F4-6689-427B-9CDC-A9CFAA3FC1CB}.Release|x64.ActiveCfg = Release|Any CPU
		{1E31F6F4-6689-427B-9CDC-A9CFAA3FC1CB}.Release|x64.Build.0 = Release|Any CPU
		{1E31F6F4-6689-427B-9CDC-A9CFAA3FC1CB}.Release|x86.ActiveCfg = Release|Any CPU
		{1E31F6F4-6689-427B-9CDC-A9CFAA3FC1CB}.Release|x86.Build.0 = Release|Any CPU
		{B4646D76-18BE-4FC2-B42F-EC8F14966737}.Debug|Any CPU.ActiveCfg = Debug|Any CPU
		{B4646D76-18BE-4FC2-B42F-EC8F14966737}.Debug|Any CPU.Build.0 = Debug|Any CPU
		{B4646D76-18BE-4FC2-B42F-EC8F14966737}.Debug|x64.ActiveCfg = Debug|Any CPU
		{B4646D76-18BE-4FC2-B42F-EC8F14966737}.Debug|x64.Build.0 = Debug|Any CPU
		{B4646D76-18BE-4FC2-B42F-EC8F14966737}.Debug|x86.ActiveCfg = Debug|Any CPU
		{B4646D76-18BE-4FC2-B42F-EC8F14966737}.Debug|x86.Build.0 = Debug|Any CPU
		{B4646D76-18BE-4FC2-B42F-EC8F14966737}.Release|Any CPU.ActiveCfg = Release|Any CPU
		{B4646D76-18BE-4FC2-B42F-EC8F14966737}.Release|Any CPU.Build.0 = Release|Any CPU
		{B4646D76-18BE-4FC2-B42F-EC8F14966737}.Release|x64.ActiveCfg = Release|Any CPU
		{B4646D76-18BE-4FC2-B42F-EC8F14966737}.Release|x64.Build.0 = Release|Any CPU
		{B4646D76-18BE-4FC2-B42F-EC8F14966737}.Release|x86.ActiveCfg = Release|Any CPU
		{B4646D76-18BE-4FC2-B42F-EC8F14966737}.Release|x86.Build.0 = Release|Any CPU
		{536C0CB1-C7E5-4215-A376-6CC6182D3451}.Debug|Any CPU.ActiveCfg = Debug|Any CPU
		{536C0CB1-C7E5-4215-A376-6CC6182D3451}.Debug|Any CPU.Build.0 = Debug|Any CPU
		{536C0CB1-C7E5-4215-A376-6CC6182D3451}.Debug|x64.ActiveCfg = Debug|Any CPU
		{536C0CB1-C7E5-4215-A376-6CC6182D3451}.Debug|x64.Build.0 = Debug|Any CPU
		{536C0CB1-C7E5-4215-A376-6CC6182D3451}.Debug|x86.ActiveCfg = Debug|Any CPU
		{536C0CB1-C7E5-4215-A376-6CC6182D3451}.Debug|x86.Build.0 = Debug|Any CPU
		{536C0CB1-C7E5-4215-A376-6CC6182D3451}.Release|Any CPU.ActiveCfg = Release|Any CPU
		{536C0CB1-C7E5-4215-A376-6CC6182D3451}.Release|Any CPU.Build.0 = Release|Any CPU
		{536C0CB1-C7E5-4215-A376-6CC6182D3451}.Release|x64.ActiveCfg = Release|Any CPU
		{536C0CB1-C7E5-4215-A376-6CC6182D3451}.Release|x64.Build.0 = Release|Any CPU
		{536C0CB1-C7E5-4215-A376-6CC6182D3451}.Release|x86.ActiveCfg = Release|Any CPU
		{536C0CB1-C7E5-4215-A376-6CC6182D3451}.Release|x86.Build.0 = Release|Any CPU
		{9F3F94F3-3C05-4258-A7B2-ABB8E52DC90E}.Debug|Any CPU.ActiveCfg = Debug|Any CPU
		{9F3F94F3-3C05-4258-A7B2-ABB8E52DC90E}.Debug|Any CPU.Build.0 = Debug|Any CPU
		{9F3F94F3-3C05-4258-A7B2-ABB8E52DC90E}.Debug|x64.ActiveCfg = Debug|Any CPU
		{9F3F94F3-3C05-4258-A7B2-ABB8E52DC90E}.Debug|x64.Build.0 = Debug|Any CPU
		{9F3F94F3-3C05-4258-A7B2-ABB8E52DC90E}.Debug|x86.ActiveCfg = Debug|Any CPU
		{9F3F94F3-3C05-4258-A7B2-ABB8E52DC90E}.Debug|x86.Build.0 = Debug|Any CPU
		{9F3F94F3-3C05-4258-A7B2-ABB8E52DC90E}.Release|Any CPU.ActiveCfg = Release|Any CPU
		{9F3F94F3-3C05-4258-A7B2-ABB8E52DC90E}.Release|Any CPU.Build.0 = Release|Any CPU
		{9F3F94F3-3C05-4258-A7B2-ABB8E52DC90E}.Release|x64.ActiveCfg = Release|Any CPU
		{9F3F94F3-3C05-4258-A7B2-ABB8E52DC90E}.Release|x64.Build.0 = Release|Any CPU
		{9F3F94F3-3C05-4258-A7B2-ABB8E52DC90E}.Release|x86.ActiveCfg = Release|Any CPU
		{9F3F94F3-3C05-4258-A7B2-ABB8E52DC90E}.Release|x86.Build.0 = Release|Any CPU
		{02F05F7F-50C0-4FFE-BC01-313737C10441}.Debug|Any CPU.ActiveCfg = Debug|Any CPU
		{02F05F7F-50C0-4FFE-BC01-313737C10441}.Debug|Any CPU.Build.0 = Debug|Any CPU
		{02F05F7F-50C0-4FFE-BC01-313737C10441}.Debug|x64.ActiveCfg = Debug|Any CPU
		{02F05F7F-50C0-4FFE-BC01-313737C10441}.Debug|x64.Build.0 = Debug|Any CPU
		{02F05F7F-50C0-4FFE-BC01-313737C10441}.Debug|x86.ActiveCfg = Debug|Any CPU
		{02F05F7F-50C0-4FFE-BC01-313737C10441}.Debug|x86.Build.0 = Debug|Any CPU
		{02F05F7F-50C0-4FFE-BC01-313737C10441}.Release|Any CPU.ActiveCfg = Release|Any CPU
		{02F05F7F-50C0-4FFE-BC01-313737C10441}.Release|Any CPU.Build.0 = Release|Any CPU
		{02F05F7F-50C0-4FFE-BC01-313737C10441}.Release|x64.ActiveCfg = Release|Any CPU
		{02F05F7F-50C0-4FFE-BC01-313737C10441}.Release|x64.Build.0 = Release|Any CPU
		{02F05F7F-50C0-4FFE-BC01-313737C10441}.Release|x86.ActiveCfg = Release|Any CPU
		{02F05F7F-50C0-4FFE-BC01-313737C10441}.Release|x86.Build.0 = Release|Any CPU
		{74EECC42-AC34-4D82-B3D2-302F403CA55D}.Debug|Any CPU.ActiveCfg = Debug|Any CPU
		{74EECC42-AC34-4D82-B3D2-302F403CA55D}.Debug|Any CPU.Build.0 = Debug|Any CPU
		{74EECC42-AC34-4D82-B3D2-302F403CA55D}.Debug|x64.ActiveCfg = Debug|Any CPU
		{74EECC42-AC34-4D82-B3D2-302F403CA55D}.Debug|x64.Build.0 = Debug|Any CPU
		{74EECC42-AC34-4D82-B3D2-302F403CA55D}.Debug|x86.ActiveCfg = Debug|Any CPU
		{74EECC42-AC34-4D82-B3D2-302F403CA55D}.Debug|x86.Build.0 = Debug|Any CPU
		{74EECC42-AC34-4D82-B3D2-302F403CA55D}.Release|Any CPU.ActiveCfg = Release|Any CPU
		{74EECC42-AC34-4D82-B3D2-302F403CA55D}.Release|Any CPU.Build.0 = Release|Any CPU
		{74EECC42-AC34-4D82-B3D2-302F403CA55D}.Release|x64.ActiveCfg = Release|Any CPU
		{74EECC42-AC34-4D82-B3D2-302F403CA55D}.Release|x64.Build.0 = Release|Any CPU
		{74EECC42-AC34-4D82-B3D2-302F403CA55D}.Release|x86.ActiveCfg = Release|Any CPU
		{74EECC42-AC34-4D82-B3D2-302F403CA55D}.Release|x86.Build.0 = Release|Any CPU
		{2FF91DFB-FD6D-4FD2-905A-6EF1035D5DC5}.Debug|Any CPU.ActiveCfg = Debug|Any CPU
		{2FF91DFB-FD6D-4FD2-905A-6EF1035D5DC5}.Debug|Any CPU.Build.0 = Debug|Any CPU
		{2FF91DFB-FD6D-4FD2-905A-6EF1035D5DC5}.Debug|x64.ActiveCfg = Debug|Any CPU
		{2FF91DFB-FD6D-4FD2-905A-6EF1035D5DC5}.Debug|x64.Build.0 = Debug|Any CPU
		{2FF91DFB-FD6D-4FD2-905A-6EF1035D5DC5}.Debug|x86.ActiveCfg = Debug|Any CPU
		{2FF91DFB-FD6D-4FD2-905A-6EF1035D5DC5}.Debug|x86.Build.0 = Debug|Any CPU
		{2FF91DFB-FD6D-4FD2-905A-6EF1035D5DC5}.Release|Any CPU.ActiveCfg = Release|Any CPU
		{2FF91DFB-FD6D-4FD2-905A-6EF1035D5DC5}.Release|Any CPU.Build.0 = Release|Any CPU
		{2FF91DFB-FD6D-4FD2-905A-6EF1035D5DC5}.Release|x64.ActiveCfg = Release|Any CPU
		{2FF91DFB-FD6D-4FD2-905A-6EF1035D5DC5}.Release|x64.Build.0 = Release|Any CPU
		{2FF91DFB-FD6D-4FD2-905A-6EF1035D5DC5}.Release|x86.ActiveCfg = Release|Any CPU
		{2FF91DFB-FD6D-4FD2-905A-6EF1035D5DC5}.Release|x86.Build.0 = Release|Any CPU
		{8A8FF441-8B4E-4709-9A65-B2E8C708E75F}.Debug|Any CPU.ActiveCfg = Debug|Any CPU
		{8A8FF441-8B4E-4709-9A65-B2E8C708E75F}.Debug|Any CPU.Build.0 = Debug|Any CPU
		{8A8FF441-8B4E-4709-9A65-B2E8C708E75F}.Debug|x64.ActiveCfg = Debug|Any CPU
		{8A8FF441-8B4E-4709-9A65-B2E8C708E75F}.Debug|x64.Build.0 = Debug|Any CPU
		{8A8FF441-8B4E-4709-9A65-B2E8C708E75F}.Debug|x86.ActiveCfg = Debug|Any CPU
		{8A8FF441-8B4E-4709-9A65-B2E8C708E75F}.Debug|x86.Build.0 = Debug|Any CPU
		{8A8FF441-8B4E-4709-9A65-B2E8C708E75F}.Release|Any CPU.ActiveCfg = Release|Any CPU
		{8A8FF441-8B4E-4709-9A65-B2E8C708E75F}.Release|Any CPU.Build.0 = Release|Any CPU
		{8A8FF441-8B4E-4709-9A65-B2E8C708E75F}.Release|x64.ActiveCfg = Release|Any CPU
		{8A8FF441-8B4E-4709-9A65-B2E8C708E75F}.Release|x64.Build.0 = Release|Any CPU
		{8A8FF441-8B4E-4709-9A65-B2E8C708E75F}.Release|x86.ActiveCfg = Release|Any CPU
		{8A8FF441-8B4E-4709-9A65-B2E8C708E75F}.Release|x86.Build.0 = Release|Any CPU
		{30B6E274-5CA9-4F7B-9E87-3FC2E30EAEBA}.Debug|Any CPU.ActiveCfg = Debug|Any CPU
		{30B6E274-5CA9-4F7B-9E87-3FC2E30EAEBA}.Debug|Any CPU.Build.0 = Debug|Any CPU
		{30B6E274-5CA9-4F7B-9E87-3FC2E30EAEBA}.Debug|x64.ActiveCfg = Debug|Any CPU
		{30B6E274-5CA9-4F7B-9E87-3FC2E30EAEBA}.Debug|x64.Build.0 = Debug|Any CPU
		{30B6E274-5CA9-4F7B-9E87-3FC2E30EAEBA}.Debug|x86.ActiveCfg = Debug|Any CPU
		{30B6E274-5CA9-4F7B-9E87-3FC2E30EAEBA}.Debug|x86.Build.0 = Debug|Any CPU
		{30B6E274-5CA9-4F7B-9E87-3FC2E30EAEBA}.Release|Any CPU.ActiveCfg = Release|Any CPU
		{30B6E274-5CA9-4F7B-9E87-3FC2E30EAEBA}.Release|Any CPU.Build.0 = Release|Any CPU
		{30B6E274-5CA9-4F7B-9E87-3FC2E30EAEBA}.Release|x64.ActiveCfg = Release|Any CPU
		{30B6E274-5CA9-4F7B-9E87-3FC2E30EAEBA}.Release|x64.Build.0 = Release|Any CPU
		{30B6E274-5CA9-4F7B-9E87-3FC2E30EAEBA}.Release|x86.ActiveCfg = Release|Any CPU
		{30B6E274-5CA9-4F7B-9E87-3FC2E30EAEBA}.Release|x86.Build.0 = Release|Any CPU
		{4765A758-4B25-4D59-924D-71680E834A9F}.Debug|Any CPU.ActiveCfg = Debug|Any CPU
		{4765A758-4B25-4D59-924D-71680E834A9F}.Debug|Any CPU.Build.0 = Debug|Any CPU
		{4765A758-4B25-4D59-924D-71680E834A9F}.Debug|x64.ActiveCfg = Debug|Any CPU
		{4765A758-4B25-4D59-924D-71680E834A9F}.Debug|x64.Build.0 = Debug|Any CPU
		{4765A758-4B25-4D59-924D-71680E834A9F}.Debug|x86.ActiveCfg = Debug|Any CPU
		{4765A758-4B25-4D59-924D-71680E834A9F}.Debug|x86.Build.0 = Debug|Any CPU
		{4765A758-4B25-4D59-924D-71680E834A9F}.Release|Any CPU.ActiveCfg = Release|Any CPU
		{4765A758-4B25-4D59-924D-71680E834A9F}.Release|Any CPU.Build.0 = Release|Any CPU
		{4765A758-4B25-4D59-924D-71680E834A9F}.Release|x64.ActiveCfg = Release|Any CPU
		{4765A758-4B25-4D59-924D-71680E834A9F}.Release|x64.Build.0 = Release|Any CPU
		{4765A758-4B25-4D59-924D-71680E834A9F}.Release|x86.ActiveCfg = Release|Any CPU
		{4765A758-4B25-4D59-924D-71680E834A9F}.Release|x86.Build.0 = Release|Any CPU
	EndGlobalSection
	GlobalSection(SolutionProperties) = preSolution
		HideSolutionNode = FALSE
	EndGlobalSection
	GlobalSection(NestedProjects) = preSolution
		{34E7DD0C-E933-4BE2-9E50-DB5F67A261F0} = {BB164C5A-AFDE-4BA8-9A9C-847C9396313B}
		{B1E09ADE-E0BE-4935-9255-95CB8BE820CA} = {BB164C5A-AFDE-4BA8-9A9C-847C9396313B}
		{503A189E-89FD-4B7F-949E-652B1222B26B} = {34E7DD0C-E933-4BE2-9E50-DB5F67A261F0}
		{1E31F6F4-6689-427B-9CDC-A9CFAA3FC1CB} = {B1E09ADE-E0BE-4935-9255-95CB8BE820CA}
		{B4646D76-18BE-4FC2-B42F-EC8F14966737} = {34E7DD0C-E933-4BE2-9E50-DB5F67A261F0}
		{6A6C6464-E5DB-4CB3-88A3-B442C76A492C} = {F332205C-89D9-4C5C-A560-DBF36ACC533F}
		{536C0CB1-C7E5-4215-A376-6CC6182D3451} = {6A6C6464-E5DB-4CB3-88A3-B442C76A492C}
		{9F3F94F3-3C05-4258-A7B2-ABB8E52DC90E} = {539AD780-E879-4AD8-BDAB-641F243FF9E9}
		{539AD780-E879-4AD8-BDAB-641F243FF9E9} = {F332205C-89D9-4C5C-A560-DBF36ACC533F}
		{02F05F7F-50C0-4FFE-BC01-313737C10441} = {539AD780-E879-4AD8-BDAB-641F243FF9E9}
		{D763CF99-67E9-416E-A744-179CA3DD9CFD} = {F332205C-89D9-4C5C-A560-DBF36ACC533F}
		{74EECC42-AC34-4D82-B3D2-302F403CA55D} = {F332205C-89D9-4C5C-A560-DBF36ACC533F}
		{2FF91DFB-FD6D-4FD2-905A-6EF1035D5DC5} = {D763CF99-67E9-416E-A744-179CA3DD9CFD}
		{84BB4289-032C-4349-A1F5-525AC0069C72} = {F332205C-89D9-4C5C-A560-DBF36ACC533F}
		{8A8FF441-8B4E-4709-9A65-B2E8C708E75F} = {84BB4289-032C-4349-A1F5-525AC0069C72}
		{30B6E274-5CA9-4F7B-9E87-3FC2E30EAEBA} = {84BB4289-032C-4349-A1F5-525AC0069C72}
		{4765A758-4B25-4D59-924D-71680E834A9F} = {34E7DD0C-E933-4BE2-9E50-DB5F67A261F0}
	EndGlobalSection
	GlobalSection(ExtensibilityGlobals) = postSolution
		SolutionGuid = {D1B7B869-A107-4DE9-A2F5-B32FCD1F9F1D}
	EndGlobalSection
EndGlobal
